// !$*UTF8*$!
{
	archiveVersion = 1;
	classes = {
	};
	objectVersion = 46;
	objects = {

/* Begin PBXBuildFile section */
		1F04FA1C1DC1125600C53492 /* AVFoundation.framework in Frameworks */ = {isa = PBXBuildFile; fileRef = 1F04FA1B1DC1125600C53492 /* AVFoundation.framework */; };
		B71D284A1DB803ED00DBD0D9 /* Highscore.swift in Sources */ = {isa = PBXBuildFile; fileRef = B71D28491DB803ED00DBD0D9 /* Highscore.swift */; };
		B71D284C1DB8088600DBD0D9 /* HighscoreTableViewCell.swift in Sources */ = {isa = PBXBuildFile; fileRef = B71D284B1DB8088600DBD0D9 /* HighscoreTableViewCell.swift */; };
		B71D284E1DB80B3800DBD0D9 /* HighscoreTableViewController.swift in Sources */ = {isa = PBXBuildFile; fileRef = B71D284D1DB80B3800DBD0D9 /* HighscoreTableViewController.swift */; };
		B78AE83A1DC1376900F12703 /* pling.mp3 in Resources */ = {isa = PBXBuildFile; fileRef = B78AE8391DC1376900F12703 /* pling.mp3 */; };
		B78AE83C1DC1454600F12703 /* TestLocations.gpx in Resources */ = {isa = PBXBuildFile; fileRef = B78AE83B1DC1454600F12703 /* TestLocations.gpx */; };
		B79DD0EE1DB4FD0B00747339 /* MyCollectionViewCell.swift in Sources */ = {isa = PBXBuildFile; fileRef = B79DD0ED1DB4FD0B00747339 /* MyCollectionViewCell.swift */; };
		B79DD0F01DB50A9300747339 /* Player.swift in Sources */ = {isa = PBXBuildFile; fileRef = B79DD0EF1DB50A9300747339 /* Player.swift */; };
		B7CACDCD1DC1317B00D0E327 /* GpsLocation.swift in Sources */ = {isa = PBXBuildFile; fileRef = B7CACDCC1DC1317B00D0E327 /* GpsLocation.swift */; };
		F956C1511DA7D4EA00988A0F /* GameViewController.swift in Sources */ = {isa = PBXBuildFile; fileRef = F956C1501DA7D4EA00988A0F /* GameViewController.swift */; };
		F956C1551DA7DD0600988A0F /* Difficulty.swift in Sources */ = {isa = PBXBuildFile; fileRef = F956C1541DA7DD0600988A0F /* Difficulty.swift */; };
		F956C15B1DAB8C9D00988A0F /* Brick.swift in Sources */ = {isa = PBXBuildFile; fileRef = F956C15A1DAB8C9D00988A0F /* Brick.swift */; };
		F956C15F1DABB83D00988A0F /* MemoryCollectionView.swift in Sources */ = {isa = PBXBuildFile; fileRef = F956C15E1DABB83D00988A0F /* MemoryCollectionView.swift */; };
		F98EDD101DA2630A00313A6F /* AppDelegate.swift in Sources */ = {isa = PBXBuildFile; fileRef = F98EDD0F1DA2630A00313A6F /* AppDelegate.swift */; };
		F98EDD121DA2630A00313A6F /* ViewController.swift in Sources */ = {isa = PBXBuildFile; fileRef = F98EDD111DA2630A00313A6F /* ViewController.swift */; };
		F98EDD151DA2630A00313A6F /* Main.storyboard in Resources */ = {isa = PBXBuildFile; fileRef = F98EDD131DA2630A00313A6F /* Main.storyboard */; };
		F98EDD171DA2630A00313A6F /* Assets.xcassets in Resources */ = {isa = PBXBuildFile; fileRef = F98EDD161DA2630A00313A6F /* Assets.xcassets */; };
		F98EDD1A1DA2630A00313A6F /* LaunchScreen.storyboard in Resources */ = {isa = PBXBuildFile; fileRef = F98EDD181DA2630A00313A6F /* LaunchScreen.storyboard */; };
/* End PBXBuildFile section */

/* Begin PBXFileReference section */
		1F04FA1B1DC1125600C53492 /* AVFoundation.framework */ = {isa = PBXFileReference; lastKnownFileType = wrapper.framework; name = AVFoundation.framework; path = System/Library/Frameworks/AVFoundation.framework; sourceTree = SDKROOT; };
		B71D28491DB803ED00DBD0D9 /* Highscore.swift */ = {isa = PBXFileReference; fileEncoding = 4; lastKnownFileType = sourcecode.swift; path = Highscore.swift; sourceTree = "<group>"; };
		B71D284B1DB8088600DBD0D9 /* HighscoreTableViewCell.swift */ = {isa = PBXFileReference; fileEncoding = 4; lastKnownFileType = sourcecode.swift; path = HighscoreTableViewCell.swift; sourceTree = "<group>"; };
		B71D284D1DB80B3800DBD0D9 /* HighscoreTableViewController.swift */ = {isa = PBXFileReference; fileEncoding = 4; lastKnownFileType = sourcecode.swift; path = HighscoreTableViewController.swift; sourceTree = "<group>"; };
		B78AE8391DC1376900F12703 /* pling.mp3 */ = {isa = PBXFileReference; lastKnownFileType = audio.mp3; name = pling.mp3; path = Sounds/pling.mp3; sourceTree = "<group>"; };
		B78AE83B1DC1454600F12703 /* TestLocations.gpx */ = {isa = PBXFileReference; fileEncoding = 4; lastKnownFileType = text.xml; name = TestLocations.gpx; path = "../../../Downloads/Geotify-Starter/Geotify/TestLocations.gpx"; sourceTree = "<group>"; };
		B79DD0ED1DB4FD0B00747339 /* MyCollectionViewCell.swift */ = {isa = PBXFileReference; fileEncoding = 4; lastKnownFileType = sourcecode.swift; path = MyCollectionViewCell.swift; sourceTree = "<group>"; };
		B79DD0EF1DB50A9300747339 /* Player.swift */ = {isa = PBXFileReference; fileEncoding = 4; lastKnownFileType = sourcecode.swift; path = Player.swift; sourceTree = "<group>"; };
		B7CACDCC1DC1317B00D0E327 /* GpsLocation.swift */ = {isa = PBXFileReference; fileEncoding = 4; lastKnownFileType = sourcecode.swift; path = GpsLocation.swift; sourceTree = "<group>"; };
		F956C1501DA7D4EA00988A0F /* GameViewController.swift */ = {isa = PBXFileReference; fileEncoding = 4; lastKnownFileType = sourcecode.swift; path = GameViewController.swift; sourceTree = "<group>"; };
		F956C1541DA7DD0600988A0F /* Difficulty.swift */ = {isa = PBXFileReference; fileEncoding = 4; lastKnownFileType = sourcecode.swift; path = Difficulty.swift; sourceTree = "<group>"; };
		F956C15A1DAB8C9D00988A0F /* Brick.swift */ = {isa = PBXFileReference; fileEncoding = 4; lastKnownFileType = sourcecode.swift; path = Brick.swift; sourceTree = "<group>"; };
		F956C15E1DABB83D00988A0F /* MemoryCollectionView.swift */ = {isa = PBXFileReference; fileEncoding = 4; lastKnownFileType = sourcecode.swift; path = MemoryCollectionView.swift; sourceTree = "<group>"; };
		F98EDD0C1DA2630A00313A6F /* MultiPlayer Memory.app */ = {isa = PBXFileReference; explicitFileType = wrapper.application; includeInIndex = 0; path = "MultiPlayer Memory.app"; sourceTree = BUILT_PRODUCTS_DIR; };
		F98EDD0F1DA2630A00313A6F /* AppDelegate.swift */ = {isa = PBXFileReference; lastKnownFileType = sourcecode.swift; path = AppDelegate.swift; sourceTree = "<group>"; };
		F98EDD111DA2630A00313A6F /* ViewController.swift */ = {isa = PBXFileReference; lastKnownFileType = sourcecode.swift; path = ViewController.swift; sourceTree = "<group>"; };
		F98EDD141DA2630A00313A6F /* Base */ = {isa = PBXFileReference; lastKnownFileType = file.storyboard; name = Base; path = Base.lproj/Main.storyboard; sourceTree = "<group>"; };
		F98EDD161DA2630A00313A6F /* Assets.xcassets */ = {isa = PBXFileReference; lastKnownFileType = folder.assetcatalog; path = Assets.xcassets; sourceTree = "<group>"; };
		F98EDD191DA2630A00313A6F /* Base */ = {isa = PBXFileReference; lastKnownFileType = file.storyboard; name = Base; path = Base.lproj/LaunchScreen.storyboard; sourceTree = "<group>"; };
		F98EDD1B1DA2630A00313A6F /* Info.plist */ = {isa = PBXFileReference; lastKnownFileType = text.plist.xml; path = Info.plist; sourceTree = "<group>"; };
/* End PBXFileReference section */

/* Begin PBXFrameworksBuildPhase section */
		F98EDD091DA2630A00313A6F /* Frameworks */ = {
			isa = PBXFrameworksBuildPhase;
			buildActionMask = 2147483647;
			files = (
				1F04FA1C1DC1125600C53492 /* AVFoundation.framework in Frameworks */,
			);
			runOnlyForDeploymentPostprocessing = 0;
		};
/* End PBXFrameworksBuildPhase section */

/* Begin PBXGroup section */
		1F04FA1A1DC1125600C53492 /* Frameworks */ = {
			isa = PBXGroup;
			children = (
				1F04FA1B1DC1125600C53492 /* AVFoundation.framework */,
			);
			name = Frameworks;
			sourceTree = "<group>";
		};
		1F04FA201DC112FA00C53492 /* Sounds */ = {
			isa = PBXGroup;
			children = (
				B78AE8391DC1376900F12703 /* pling.mp3 */,
			);
			name = Sounds;
			sourceTree = "<group>";
		};
		F98EDD031DA2630A00313A6F = {
			isa = PBXGroup;
			children = (
				B78AE83B1DC1454600F12703 /* TestLocations.gpx */,
				F98EDD0E1DA2630A00313A6F /* MultiPlayer Memory */,
				F98EDD0D1DA2630A00313A6F /* Products */,
				1F04FA1A1DC1125600C53492 /* Frameworks */,
			);
			sourceTree = "<group>";
		};
		F98EDD0D1DA2630A00313A6F /* Products */ = {
			isa = PBXGroup;
			children = (
				F98EDD0C1DA2630A00313A6F /* MultiPlayer Memory.app */,
			);
			name = Products;
			sourceTree = "<group>";
		};
		F98EDD0E1DA2630A00313A6F /* MultiPlayer Memory */ = {
			isa = PBXGroup;
			children = (
				1F04FA201DC112FA00C53492 /* Sounds */,
				F98EDD0F1DA2630A00313A6F /* AppDelegate.swift */,
				F98EDD111DA2630A00313A6F /* ViewController.swift */,
				B79DD0ED1DB4FD0B00747339 /* MyCollectionViewCell.swift */,
				B79DD0EF1DB50A9300747339 /* Player.swift */,
				B7CACDCC1DC1317B00D0E327 /* GpsLocation.swift */,
				B71D284D1DB80B3800DBD0D9 /* HighscoreTableViewController.swift */,
				B71D28491DB803ED00DBD0D9 /* Highscore.swift */,
				F956C15E1DABB83D00988A0F /* MemoryCollectionView.swift */,
				F956C15A1DAB8C9D00988A0F /* Brick.swift */,
				F98EDD131DA2630A00313A6F /* Main.storyboard */,
				B71D284B1DB8088600DBD0D9 /* HighscoreTableViewCell.swift */,
				F98EDD161DA2630A00313A6F /* Assets.xcassets */,
				F98EDD181DA2630A00313A6F /* LaunchScreen.storyboard */,
				F98EDD1B1DA2630A00313A6F /* Info.plist */,
				F956C1501DA7D4EA00988A0F /* GameViewController.swift */,
				F956C1541DA7DD0600988A0F /* Difficulty.swift */,
			);
			path = "MultiPlayer Memory";
			sourceTree = "<group>";
		};
/* End PBXGroup section */

/* Begin PBXNativeTarget section */
		F98EDD0B1DA2630A00313A6F /* MultiPlayer Memory */ = {
			isa = PBXNativeTarget;
			buildConfigurationList = F98EDD1E1DA2630A00313A6F /* Build configuration list for PBXNativeTarget "MultiPlayer Memory" */;
			buildPhases = (
				F98EDD081DA2630A00313A6F /* Sources */,
				F98EDD091DA2630A00313A6F /* Frameworks */,
				F98EDD0A1DA2630A00313A6F /* Resources */,
			);
			buildRules = (
			);
			dependencies = (
			);
			name = "MultiPlayer Memory";
			productName = "MultiPlayer Memory";
			productReference = F98EDD0C1DA2630A00313A6F /* MultiPlayer Memory.app */;
			productType = "com.apple.product-type.application";
		};
/* End PBXNativeTarget section */

/* Begin PBXProject section */
		F98EDD041DA2630A00313A6F /* Project object */ = {
			isa = PBXProject;
			attributes = {
				LastSwiftUpdateCheck = 0800;
				LastUpgradeCheck = 0800;
				ORGANIZATIONNAME = "Magnus Huttu";
				TargetAttributes = {
					F98EDD0B1DA2630A00313A6F = {
						CreatedOnToolsVersion = 8.0;
						DevelopmentTeam = 7L687S44VJ;
						ProvisioningStyle = Automatic;
					};
				};
			};
			buildConfigurationList = F98EDD071DA2630A00313A6F /* Build configuration list for PBXProject "MultiPlayer Memory" */;
			compatibilityVersion = "Xcode 3.2";
			developmentRegion = English;
			hasScannedForEncodings = 0;
			knownRegions = (
				en,
				Base,
			);
			mainGroup = F98EDD031DA2630A00313A6F;
			productRefGroup = F98EDD0D1DA2630A00313A6F /* Products */;
			projectDirPath = "";
			projectRoot = "";
			targets = (
				F98EDD0B1DA2630A00313A6F /* MultiPlayer Memory */,
			);
		};
/* End PBXProject section */

/* Begin PBXResourcesBuildPhase section */
		F98EDD0A1DA2630A00313A6F /* Resources */ = {
			isa = PBXResourcesBuildPhase;
			buildActionMask = 2147483647;
			files = (
				F98EDD1A1DA2630A00313A6F /* LaunchScreen.storyboard in Resources */,
				F98EDD171DA2630A00313A6F /* Assets.xcassets in Resources */,
				B78AE83A1DC1376900F12703 /* pling.mp3 in Resources */,
				B78AE83C1DC1454600F12703 /* TestLocations.gpx in Resources */,
				F98EDD151DA2630A00313A6F /* Main.storyboard in Resources */,
			);
			runOnlyForDeploymentPostprocessing = 0;
		};
/* End PBXResourcesBuildPhase section */

/* Begin PBXSourcesBuildPhase section */
		F98EDD081DA2630A00313A6F /* Sources */ = {
			isa = PBXSourcesBuildPhase;
			buildActionMask = 2147483647;
			files = (
				B71D284C1DB8088600DBD0D9 /* HighscoreTableViewCell.swift in Sources */,
				F956C1511DA7D4EA00988A0F /* GameViewController.swift in Sources */,
				F956C15F1DABB83D00988A0F /* MemoryCollectionView.swift in Sources */,
				B79DD0EE1DB4FD0B00747339 /* MyCollectionViewCell.swift in Sources */,
				B71D284A1DB803ED00DBD0D9 /* Highscore.swift in Sources */,
				B71D284E1DB80B3800DBD0D9 /* HighscoreTableViewController.swift in Sources */,
				F956C15B1DAB8C9D00988A0F /* Brick.swift in Sources */,
				B7CACDCD1DC1317B00D0E327 /* GpsLocation.swift in Sources */,
				B79DD0F01DB50A9300747339 /* Player.swift in Sources */,
				F98EDD121DA2630A00313A6F /* ViewController.swift in Sources */,
				F956C1551DA7DD0600988A0F /* Difficulty.swift in Sources */,
				F98EDD101DA2630A00313A6F /* AppDelegate.swift in Sources */,
			);
			runOnlyForDeploymentPostprocessing = 0;
		};
/* End PBXSourcesBuildPhase section */

/* Begin PBXVariantGroup section */
		F98EDD131DA2630A00313A6F /* Main.storyboard */ = {
			isa = PBXVariantGroup;
			children = (
				F98EDD141DA2630A00313A6F /* Base */,
			);
			name = Main.storyboard;
			sourceTree = "<group>";
		};
		F98EDD181DA2630A00313A6F /* LaunchScreen.storyboard */ = {
			isa = PBXVariantGroup;
			children = (
				F98EDD191DA2630A00313A6F /* Base */,
			);
			name = LaunchScreen.storyboard;
			sourceTree = "<group>";
		};
/* End PBXVariantGroup section */

/* Begin XCBuildConfiguration section */
		F98EDD1C1DA2630A00313A6F /* Debug */ = {
			isa = XCBuildConfiguration;
			buildSettings = {
				ALWAYS_SEARCH_USER_PATHS = NO;
				CLANG_ANALYZER_NONNULL = YES;
				CLANG_CXX_LANGUAGE_STANDARD = "gnu++0x";
				CLANG_CXX_LIBRARY = "libc++";
				CLANG_ENABLE_MODULES = YES;
				CLANG_ENABLE_OBJC_ARC = YES;
				CLANG_WARN_BOOL_CONVERSION = YES;
				CLANG_WARN_CONSTANT_CONVERSION = YES;
				CLANG_WARN_DIRECT_OBJC_ISA_USAGE = YES_ERROR;
				CLANG_WARN_DOCUMENTATION_COMMENTS = YES;
				CLANG_WARN_EMPTY_BODY = YES;
				CLANG_WARN_ENUM_CONVERSION = YES;
				CLANG_WARN_INFINITE_RECURSION = YES;
				CLANG_WARN_INT_CONVERSION = YES;
				CLANG_WARN_OBJC_ROOT_CLASS = YES_ERROR;
				CLANG_WARN_SUSPICIOUS_MOVES = YES;
				CLANG_WARN_UNREACHABLE_CODE = YES;
				CLANG_WARN__DUPLICATE_METHOD_MATCH = YES;
				CODE_SIGN_IDENTITY = "iPhone Developer";
				"CODE_SIGN_IDENTITY[sdk=iphoneos*]" = "iPhone Developer";
				COPY_PHASE_STRIP = NO;
				DEBUG_INFORMATION_FORMAT = dwarf;
				DEVELOPMENT_TEAM = 7L687S44VJ;
				ENABLE_STRICT_OBJC_MSGSEND = YES;
				ENABLE_TESTABILITY = YES;
				GCC_C_LANGUAGE_STANDARD = gnu99;
				GCC_DYNAMIC_NO_PIC = NO;
				GCC_NO_COMMON_BLOCKS = YES;
				GCC_OPTIMIZATION_LEVEL = 0;
				GCC_PREPROCESSOR_DEFINITIONS = (
					"DEBUG=1",
					"$(inherited)",
				);
				GCC_WARN_64_TO_32_BIT_CONVERSION = YES;
				GCC_WARN_ABOUT_RETURN_TYPE = YES_ERROR;
				GCC_WARN_UNDECLARED_SELECTOR = YES;
				GCC_WARN_UNINITIALIZED_AUTOS = YES_AGGRESSIVE;
				GCC_WARN_UNUSED_FUNCTION = YES;
				GCC_WARN_UNUSED_VARIABLE = YES;
				IPHONEOS_DEPLOYMENT_TARGET = 10.0;
				MTL_ENABLE_DEBUG_INFO = YES;
				ONLY_ACTIVE_ARCH = YES;
				SDKROOT = iphoneos;
				SWIFT_ACTIVE_COMPILATION_CONDITIONS = DEBUG;
				SWIFT_OPTIMIZATION_LEVEL = "-Onone";
			};
			name = Debug;
		};
		F98EDD1D1DA2630A00313A6F /* Release */ = {
			isa = XCBuildConfiguration;
			buildSettings = {
				ALWAYS_SEARCH_USER_PATHS = NO;
				CLANG_ANALYZER_NONNULL = YES;
				CLANG_CXX_LANGUAGE_STANDARD = "gnu++0x";
				CLANG_CXX_LIBRARY = "libc++";
				CLANG_ENABLE_MODULES = YES;
				CLANG_ENABLE_OBJC_ARC = YES;
				CLANG_WARN_BOOL_CONVERSION = YES;
				CLANG_WARN_CONSTANT_CONVERSION = YES;
				CLANG_WARN_DIRECT_OBJC_ISA_USAGE = YES_ERROR;
				CLANG_WARN_DOCUMENTATION_COMMENTS = YES;
				CLANG_WARN_EMPTY_BODY = YES;
				CLANG_WARN_ENUM_CONVERSION = YES;
				CLANG_WARN_INFINITE_RECURSION = YES;
				CLANG_WARN_INT_CONVERSION = YES;
				CLANG_WARN_OBJC_ROOT_CLASS = YES_ERROR;
				CLANG_WARN_SUSPICIOUS_MOVES = YES;
				CLANG_WARN_UNREACHABLE_CODE = YES;
				CLANG_WARN__DUPLICATE_METHOD_MATCH = YES;
				CODE_SIGN_IDENTITY = "iPhone Developer";
				"CODE_SIGN_IDENTITY[sdk=iphoneos*]" = "iPhone Developer";
				COPY_PHASE_STRIP = NO;
				DEBUG_INFORMATION_FORMAT = "dwarf-with-dsym";
				DEVELOPMENT_TEAM = 7L687S44VJ;
				ENABLE_NS_ASSERTIONS = NO;
				ENABLE_STRICT_OBJC_MSGSEND = YES;
				GCC_C_LANGUAGE_STANDARD = gnu99;
				GCC_NO_COMMON_BLOCKS = YES;
				GCC_WARN_64_TO_32_BIT_CONVERSION = YES;
				GCC_WARN_ABOUT_RETURN_TYPE = YES_ERROR;
				GCC_WARN_UNDECLARED_SELECTOR = YES;
				GCC_WARN_UNINITIALIZED_AUTOS = YES_AGGRESSIVE;
				GCC_WARN_UNUSED_FUNCTION = YES;
				GCC_WARN_UNUSED_VARIABLE = YES;
				IPHONEOS_DEPLOYMENT_TARGET = 10.0;
				MTL_ENABLE_DEBUG_INFO = NO;
				SDKROOT = iphoneos;
				SWIFT_OPTIMIZATION_LEVEL = "-Owholemodule";
				VALIDATE_PRODUCT = YES;
			};
			name = Release;
		};
		F98EDD1F1DA2630A00313A6F /* Debug */ = {
			isa = XCBuildConfiguration;
			buildSettings = {
				ASSETCATALOG_COMPILER_APPICON_NAME = AppIcon;
				INFOPLIST_FILE = "MultiPlayer Memory/Info.plist";
				LD_RUNPATH_SEARCH_PATHS = "$(inherited) @executable_path/Frameworks";
				PRODUCT_BUNDLE_IDENTIFIER = "se.chalmers.ait.MultiPlayer-Memory";
				PRODUCT_NAME = "$(TARGET_NAME)";
				SWIFT_VERSION = 3.0;
			};
			name = Debug;
		};
		F98EDD201DA2630A00313A6F /* Release */ = {
			isa = XCBuildConfiguration;
			buildSettings = {
				ASSETCATALOG_COMPILER_APPICON_NAME = AppIcon;
				INFOPLIST_FILE = "MultiPlayer Memory/Info.plist";
				LD_RUNPATH_SEARCH_PATHS = "$(inherited) @executable_path/Frameworks";
				PRODUCT_BUNDLE_IDENTIFIER = "se.chalmers.ait.MultiPlayer-Memory";
				PRODUCT_NAME = "$(TARGET_NAME)";
				SWIFT_VERSION = 3.0;
			};
			name = Release;
		};
/* End XCBuildConfiguration section */

/* Begin XCConfigurationList section */
		F98EDD071DA2630A00313A6F /* Build configuration list for PBXProject "MultiPlayer Memory" */ = {
			isa = XCConfigurationList;
			buildConfigurations = (
				F98EDD1C1DA2630A00313A6F /* Debug */,
				F98EDD1D1DA2630A00313A6F /* Release */,
			);
			defaultConfigurationIsVisible = 0;
			defaultConfigurationName = Release;
		};
		F98EDD1E1DA2630A00313A6F /* Build configuration list for PBXNativeTarget "MultiPlayer Memory" */ = {
			isa = XCConfigurationList;
			buildConfigurations = (
				F98EDD1F1DA2630A00313A6F /* Debug */,
				F98EDD201DA2630A00313A6F /* Release */,
			);
			defaultConfigurationIsVisible = 0;
			defaultConfigurationName = Release;
		};
/* End XCConfigurationList section */
	};
	rootObject = F98EDD041DA2630A00313A6F /* Project object */;
}
